
Microsoft Visual Studio Solution File, Format Version 12.00
# Visual Studio 15
Project("{FAE04EC0-301F-11D3-BF4B-00C04F79EFBC}") = "NumberGuesser", "NumberGuesser.csproj", "{B6B303A5-4367-465E-A20C-326224C018CE}"
EndProject
Global
	GlobalSection(SolutionConfigurationPlatforms) = preSolution
		Debug|Any CPU = Debug|Any CPU
		Release|Any CPU = Release|Any CPU
	EndGlobalSection
	GlobalSection(ProjectConfigurationPlatforms) = postSolution
		{B6B303A5-4367-465E-A20C-326224C018CE}.Debug|Any CPU.ActiveCfg = Debug|Any CPU
		{B6B303A5-4367-465E-A20C-326224C018CE}.Debug|Any CPU.Build.0 = Debug|Any CPU
		{B6B303A5-4367-465E-A20C-326224C018CE}.Release|Any CPU.ActiveCfg = Release|Any CPU
		{B6B303A5-4367-465E-A20C-326224C018CE}.Release|Any CPU.Build.0 = Release|Any CPU
	EndGlobalSection
EndGlobal
